
Microsoft Visual Studio Solution File, Format Version 12.00
# Visual Studio Version 16
VisualStudioVersion = 16.0.30104.148
MinimumVisualStudioVersion = 10.0.40219.1
Project("{FAE04EC0-301F-11D3-BF4B-00C04F79EFBC}") = "OOPProjectCsharp", "OOPProjectCsharp\OOPProjectCsharp.csproj", "{FE0A7AB0-C7F9-4468-9C23-8F3CCC82E3F0}"
EndProject
Global
	GlobalSection(SolutionConfigurationPlatforms) = preSolution
		Debug|Any CPU = Debug|Any CPU
		Release|Any CPU = Release|Any CPU
	EndGlobalSection
	GlobalSection(ProjectConfigurationPlatforms) = postSolution
		{FE0A7AB0-C7F9-4468-9C23-8F3CCC82E3F0}.Debug|Any CPU.ActiveCfg = Debug|Any CPU
		{FE0A7AB0-C7F9-4468-9C23-8F3CCC82E3F0}.Debug|Any CPU.Build.0 = Debug|Any CPU
		{FE0A7AB0-C7F9-4468-9C23-8F3CCC82E3F0}.Release|Any CPU.ActiveCfg = Release|Any CPU
		{FE0A7AB0-C7F9-4468-9C23-8F3CCC82E3F0}.Release|Any CPU.Build.0 = Release|Any CPU
	EndGlobalSection
	GlobalSection(SolutionProperties) = preSolution
		HideSolutionNode = FALSE
	EndGlobalSection
	GlobalSection(ExtensibilityGlobals) = postSolution
		SolutionGuid = {FAF72ACE-7D22-4376-8C6F-08FB3D4FDBB1}
	EndGlobalSection
EndGlobal
